
Microsoft Visual Studio Solution File, Format Version 12.00
# Visual Studio Version 18
VisualStudioVersion = 18.3.11222.16
MinimumVisualStudioVersion = 10.0.40219.1
Project("{9A19103F-16F7-4668-BE54-9A1E7A4F7556}") = "Integrations.Umbraco", "src\Integrations.Umbraco\Integrations.Umbraco.csproj", "{24EBB5C8-AC91-480D-A935-46AA44397789}"
EndProject
Project("{2150E333-8FDC-42A3-9474-1A3956D46DE8}") = "Samples", "Samples", "{41BF626B-F972-4C22-93B6-44AA3F463D7D}"
EndProject
Project("{2150E333-8FDC-42A3-9474-1A3956D46DE8}") = ".git", ".git", "{828EE997-7585-459E-9D6E-626A3A83A3A1}"
	ProjectSection(SolutionItems) = preProject
		.gitignore = .gitignore
		README.md = README.md
	EndProjectSection
EndProject
Project("{2150E333-8FDC-42A3-9474-1A3956D46DE8}") = "Artifacts", "Artifacts", "{02EA681E-C7D8-13C7-8484-4AC65E1B71E8}"
	ProjectSection(SolutionItems) = preProject
		umbraco-marketplace.json = umbraco-marketplace.json
	EndProjectSection
EndProject
Project("{FAE04EC0-301F-11D3-BF4B-00C04F79EFBC}") = "Umbraco", "samples\Umbraco\Umbraco.csproj", "{2B892876-F7E1-4601-3DCF-7AD90472E3C2}"
EndProject
Global
	GlobalSection(SolutionConfigurationPlatforms) = preSolution
		Debug|Any CPU = Debug|Any CPU
		Release|Any CPU = Release|Any CPU
	EndGlobalSection
	GlobalSection(ProjectConfigurationPlatforms) = postSolution
		{24EBB5C8-AC91-480D-A935-46AA44397789}.Debug|Any CPU.ActiveCfg = Debug|Any CPU
		{24EBB5C8-AC91-480D-A935-46AA44397789}.Debug|Any CPU.Build.0 = Debug|Any CPU
		{24EBB5C8-AC91-480D-A935-46AA44397789}.Release|Any CPU.ActiveCfg = Release|Any CPU
		{24EBB5C8-AC91-480D-A935-46AA44397789}.Release|Any CPU.Build.0 = Release|Any CPU
		{2B892876-F7E1-4601-3DCF-7AD90472E3C2}.Debug|Any CPU.ActiveCfg = Debug|Any CPU
		{2B892876-F7E1-4601-3DCF-7AD90472E3C2}.Debug|Any CPU.Build.0 = Debug|Any CPU
		{2B892876-F7E1-4601-3DCF-7AD90472E3C2}.Release|Any CPU.ActiveCfg = Release|Any CPU
		{2B892876-F7E1-4601-3DCF-7AD90472E3C2}.Release|Any CPU.Build.0 = Release|Any CPU
	EndGlobalSection
	GlobalSection(SolutionProperties) = preSolution
		HideSolutionNode = FALSE
	EndGlobalSection
	GlobalSection(NestedProjects) = preSolution
		{2B892876-F7E1-4601-3DCF-7AD90472E3C2} = {41BF626B-F972-4C22-93B6-44AA3F463D7D}
	EndGlobalSection
	GlobalSection(ExtensibilityGlobals) = postSolution
		SolutionGuid = {2F867AD8-FFBD-46E8-A4F6-6F7367A71DD5}
	EndGlobalSection
EndGlobal
